{
  "name": "make-psd",
  "lockfileVersion": 3,
  "requires": true,
  "packages": {
    "": {
      "name": "make-psd",
      "dependencies": {
        "@napi-rs/canvas": "^0.1.56",
        "ag-psd": "^28.0.0"
      }
    },
    "node_modules/@napi-rs/canvas": {
      "version": "0.1.99",
      "resolved": "https://registry.npmjs.org/@napi-rs/canvas/-/canvas-0.1.99.tgz",
      "integrity": "sha512-zN4eQlK3eBf7aJBcTHZilpBH3tDekBzPMIWC8r0s94Ecl73XfOyFi4w7yKFMRVUT0lvNQjtOL8YSrwqQj6mZFg==",
      "license": "MIT",
      "workspaces": [
        "e2e/*"
      ],
      "engines": {
        "node": ">= 10"
      },
      "funding": {
        "type": "github",
        "url": "https://github.com/sponsors/Brooooooklyn"
      },
      "optionalDependencies": {
        "@napi-rs/canvas-android-arm64": "0.1.99",
        "@napi-rs/canvas-darwin-arm64": "0.1.99",
        "@napi-rs/canvas-darwin-x64": "0.1.99",
        "@napi-rs/canvas-linux-arm-gnueabihf": "0.1.99",
        "@napi-rs/canvas-linux-arm64-gnu": "0.1.99",
        "@napi-rs/canvas-linux-arm64-musl": "0.1.99",
        "@napi-rs/canvas-linux-riscv64-gnu": "0.1.99",
        "@napi-rs/canvas-linux-x64-gnu": "0.1.99",
        "@napi-rs/canvas-linux-x64-musl": "0.1.99",
        "@napi-rs/canvas-win32-arm64-msvc": "0.1.99",
        "@napi-rs/canvas-win32-x64-msvc": "0.1.99"
      }
    },
    "node_modules/@napi-rs/canvas-android-arm64": {
      "version": "0.1.99",
      "resolved": "https://registry.npmjs.org/@napi-rs/canvas-android-arm64/-/canvas-android-arm64-0.1.99.tgz",
      "integrity": "sha512-9OCRt8VVxA17m32NWZKyNC2qamdaS/SC5CEOIQwFngRq0DIeVm4PDal+6Ljnhqm2whZiC63DNuKZ4xSp2nbj9w==",
      "cpu": [
        "arm64"
      ],
      "license": "MIT",
      "optional": true,
      "os": [
        "android"
      ],
      "engines": {
        "node": ">= 10"
      },
      "funding": {
        "type": "github",
        "url": "https://github.com/sponsors/Brooooooklyn"
      }
    },
    "node_modules/@napi-rs/canvas-darwin-arm64": {
      "version": "0.1.99",
      "resolved": "https://registry.npmjs.org/@napi-rs/canvas-darwin-arm64/-/canvas-darwin-arm64-0.1.99.tgz",
      "integrity": "sha512-lupMDMy1+H38dhyCcLirOKKVUyzzlxi7j7rGPLI3vViMHOoPjcXO1b10ivy+ad+q6MiwHfoLjKTCoLke5ySOBg==",
      "cpu": [
        "arm64"
      ],
      "license": "MIT",
      "optional": true,
      "os": [
        "darwin"
      ],
      "engines": {
        "node": ">= 10"
      },
      "funding": {
        "type": "github",
        "url": "https://github.com/sponsors/Brooooooklyn"
      }
    },
    "node_modules/@napi-rs/canvas-darwin-x64": {
      "version": "0.1.99",
      "resolved": "https://registry.npmjs.org/@napi-rs/canvas-darwin-x64/-/canvas-darwin-x64-0.1.99.tgz",
      "integrity": "sha512-fdz02t4w8n6Ii/rYhWig6STb/zcTmCC/6YZTGmjoDeidDwn9Wf0ukQVynhCPEs29vqUc66wHZKsuIgMs9tycCg==",
      "cpu": [
        "x64"
      ],
      "license": "MIT",
      "optional": true,
      "os": [
        "darwin"
      ],
      "engines": {
        "node": ">= 10"
      },
      "funding": {
        "type": "github",
        "url": "https://github.com/sponsors/Brooooooklyn"
      }
    },
    "node_modules/@napi-rs/canvas-linux-arm-gnueabihf": {
      "version": "0.1.99",
      "resolved": "https://registry.npmjs.org/@napi-rs/canvas-linux-arm-gnueabihf/-/canvas-linux-arm-gnueabihf-0.1.99.tgz",
      "integrity": "sha512-w4FwVwlNo00ezeRhfY62IVIyt6G3u8wodkPtiqWc52BUHx+VDBUM2vkS3ogfANaLI7hnf3s6WK4LyZVUjBg1lA==",
      "cpu": [
        "arm"
      ],
      "license": "MIT",
      "optional": true,
      "os": [
        "linux"
      ],
      "engines": {
        "node": ">= 10"
      },
      "funding": {
        "type": "github",
        "url": "https://github.com/sponsors/Brooooooklyn"
      }
    },
    "node_modules/@napi-rs/canvas-linux-arm64-gnu": {
      "version": "0.1.99",
      "resolved": "https://registry.npmjs.org/@napi-rs/canvas-linux-arm64-gnu/-/canvas-linux-arm64-gnu-0.1.99.tgz",
      "integrity": "sha512-8JvHeexKQ8c7g0q7YJ29NVQwnf1ePghP9ys9ZN0R0qzyqJQ9Uw6N9qnDINArlm3IYHexB7LjzArIfhQiqSDGvQ==",
      "cpu": [
        "arm64"
      ],
      "license": "MIT",
      "optional": true,
      "os": [
        "linux"
      ],
      "engines": {
        "node": ">= 10"
      },
      "funding": {
        "type": "github",
        "url": "https://github.com/sponsors/Brooooooklyn"
      }
    },
    "node_modules/@napi-rs/canvas-linux-arm64-musl": {
      "version": "0.1.99",
      "resolved": "https://registry.npmjs.org/@napi-rs/canvas-linux-arm64-musl/-/canvas-linux-arm64-musl-0.1.99.tgz",
      "integrity": "sha512-Z+6nyLdJXWzLPVxi4H6g9TJop4DwN3KSgHWto5JCbZV5/uKoVqcSynPs0tGlUHOoWI8S8tEvJspz51GQkvr07w==",
      "cpu": [
        "arm64"
      ],
      "license": "MIT",
      "optional": true,
      "os": [
        "linux"
      ],
      "engines": {
        "node": ">= 10"
      },
      "funding": {
        "type": "github",
        "url": "https://github.com/sponsors/Brooooooklyn"
      }
    },
    "node_modules/@napi-rs/canvas-linux-riscv64-gnu": {
      "version": "0.1.99",
      "resolved": "https://registry.npmjs.org/@napi-rs/canvas-linux-riscv64-gnu/-/canvas-linux-riscv64-gnu-0.1.99.tgz",
      "integrity": "sha512-jAnfOUv4IO1l8Levk5t85oVtEBOXLa07KnIUgWo1CDlPxiqpxS3uBfiE38Lvj/CQgHaNF6Nxk/SaemwLgsVJgw==",
      "cpu": [
        "riscv64"
      ],
      "license": "MIT",
      "optional": true,
      "os": [
        "linux"
      ],
      "engines": {
        "node": ">= 10"
      },
      "funding": {
        "type": "github",
        "url": "https://github.com/sponsors/Brooooooklyn"
      }
    },
    "node_modules/@napi-rs/canvas-linux-x64-gnu": {
      "version": "0.1.99",
      "resolved": "https://registry.npmjs.org/@napi-rs/canvas-linux-x64-gnu/-/canvas-linux-x64-gnu-0.1.99.tgz",
      "integrity": "sha512-mIkXw3fGmbYyFjSmfWEvty4jN+rwEOmv0+Dy9bRvvTzLYWCgm3RMgUEQVfAKFw96nIRFnyNZiK83KNQaVVFjng==",
      "cpu": [
        "x64"
      ],
      "license": "MIT",
      "optional": true,
      "os": [
        "linux"
      ],
      "engines": {
        "node": ">= 10"
      },
      "funding": {
        "type": "github",
        "url": "https://github.com/sponsors/Brooooooklyn"
      }
    },
    "node_modules/@napi-rs/canvas-linux-x64-musl": {
      "version": "0.1.99",
      "resolved": "https://registry.npmjs.org/@napi-rs/canvas-linux-x64-musl/-/canvas-linux-x64-musl-0.1.99.tgz",
      "integrity": "sha512-f3Uz2P0RgrtBHISxZqr6yiYXJlTDyCVBumDacxo+4AmSg7z0HiqYZKGWC/gszq3fbPhyQUya1W2AEteKxT9Y6A==",
      "cpu": [
        "x64"
      ],
      "license": "MIT",
      "optional": true,
      "os": [
        "linux"
      ],
      "engines": {
        "node": ">= 10"
      },
      "funding": {
        "type": "github",
        "url": "https://github.com/sponsors/Brooooooklyn"
      }
    },
    "node_modules/@napi-rs/canvas-win32-arm64-msvc": {
      "version": "0.1.99",
      "resolved": "https://registry.npmjs.org/@napi-rs/canvas-win32-arm64-msvc/-/canvas-win32-arm64-msvc-0.1.99.tgz",
      "integrity": "sha512-XE6KUkfqRsCNejcoRMiMr3RaUeObxNf6y7dut3hrq2rn7PzfRTZgrjF1F/B2C7FcdgqY/vSHWpQeMuNz1vTNHg==",
      "cpu": [
        "arm64"
      ],
      "license": "MIT",
      "optional": true,
      "os": [
        "win32"
      ],
      "engines": {
        "node": ">= 10"
      },
      "funding": {
        "type": "github",
        "url": "https://github.com/sponsors/Brooooooklyn"
      }
    },
    "node_modules/@napi-rs/canvas-win32-x64-msvc": {
      "version": "0.1.99",
      "resolved": "https://registry.npmjs.org/@napi-rs/canvas-win32-x64-msvc/-/canvas-win32-x64-msvc-0.1.99.tgz",
      "integrity": "sha512-plMYGVbc/vmmPF9MtmHbwNk1rL1Aj53vQZt+Gnv1oZn6gmd9jEHHJ0n9Nd2nxa5sKH7TS5IjkCDM6289O0d6PQ==",
      "cpu": [
        "x64"
      ],
      "license": "MIT",
      "optional": true,
      "os": [
        "win32"
      ],
      "engines": {
        "node": ">= 10"
      },
      "funding": {
        "type": "github",
        "url": "https://github.com/sponsors/Brooooooklyn"
      }
    },
    "node_modules/ag-psd": {
      "version": "28.5.1",
      "resolved": "https://registry.npmjs.org/ag-psd/-/ag-psd-28.5.1.tgz",
      "integrity": "sha512-oDzQ4VctavkqGiI1mFN9PIMjVrv0T6MpoIS6SAbzAQXCQs2b3UdyI9VQTrUQdfq9AaHQcR0cIX/hAZ7fyh7Cgw==",
      "license": "MIT",
      "dependencies": {
        "base64-js": "1.5.1",
        "pako": "2.1.0"
      }
    },
    "node_modules/base64-js": {
      "version": "1.5.1",
      "resolved": "https://registry.npmjs.org/base64-js/-/base64-js-1.5.1.tgz",
      "integrity": "sha512-AKpaYlHn8t4SVbOHCy+b5+KKgvR4vrsD8vbvrbiQJps7fKDTkjkDry6ji0rUJjC0kzbNePLwzxq8iypo41qeWA==",
      "funding": [
        {
          "type": "github",
          "url": "https://github.com/sponsors/feross"
        },
        {
          "type": "patreon",
          "url": "https://www.patreon.com/feross"
        },
        {
          "type": "consulting",
          "url": "https://feross.org/support"
        }
      ],
      "license": "MIT"
    },
    "node_modules/pako": {
      "version": "2.1.0",
      "resolved": "https://registry.npmjs.org/pako/-/pako-2.1.0.tgz",
      "integrity": "sha512-w+eufiZ1WuJYgPXbV/PO3NCMEc3xqylkKHzp8bxp1uW4qaSNQUkwmLLEc3kKsfz8lpV1F8Ht3U1Cm+9Srog2ug==",
      "license": "(MIT AND Zlib)"
    }
  }
}
